{
  "name": "fly_costs_tool",
  "lockfileVersion": 3,
  "requires": true,
  "packages": {
    "": {
      "dependencies": {
        "country-state-city": "^3.2.1",
        "iso-3166-2": "^1.0.0"
      }
    },
    "node_modules/country-state-city": {
      "version": "3.2.1",
      "resolved": "https://registry.npmjs.org/country-state-city/-/country-state-city-3.2.1.tgz",
      "integrity": "sha512-kxbanqMc6izjhc/EHkGPCTabSPZ2G6eG4/97akAYHJUN4stzzFEvQPZoF8oXDQ+10gM/O/yUmISCR1ZVxyb6EA=="
    },
    "node_modules/iso-3166-2": {
      "version": "1.0.0",
      "resolved": "https://registry.npmjs.org/iso-3166-2/-/iso-3166-2-1.0.0.tgz",
      "integrity": "sha512-xLAazfKZzwlsg/Zz/GQGQk3jJez5/2ORrjD3TjSuqz/arMht/xTK49c0GOE3afO/gEd9tHtBVVlfBla01unUng=="
    }
  }
}
